
Microsoft Visual Studio Solution File, Format Version 12.00
# Visual Studio 14
VisualStudioVersion = 14.0.22310.1
MinimumVisualStudioVersion = 10.0.40219.1
Project("{FAE04EC0-301F-11D3-BF4B-00C04F79EFBC}") = "Scott.Shiny.ConsoleShellApp", "Scott.Shiny.ConsoleShellApp\Scott.Shiny.ConsoleShellApp.csproj", "{2C25F2DB-4538-4371-A1B5-39BAC7AFCEFE}"
EndProject
Project("{FAE04EC0-301F-11D3-BF4B-00C04F79EFBC}") = "Scott.Shiny", "Scott.Shiny\Scott.Shiny.csproj", "{760BFFFA-9192-4300-B7EA-A165AFF1F4A2}"
EndProject
Project("{FAE04EC0-301F-11D3-BF4B-00C04F79EFBC}") = "Scott.Shiny.Tests", "Scott.Shiny.Tests\Scott.Shiny.Tests.csproj", "{91F69CE6-6C5F-4883-A6E6-F59135A1FBB3}"
EndProject
Global
	GlobalSection(SolutionConfigurationPlatforms) = preSolution
		Debug|Any CPU = Debug|Any CPU
		Release|Any CPU = Release|Any CPU
	EndGlobalSection
	GlobalSection(ProjectConfigurationPlatforms) = postSolution
		{2C25F2DB-4538-4371-A1B5-39BAC7AFCEFE}.Debug|Any CPU.ActiveCfg = Debug|Any CPU
		{2C25F2DB-4538-4371-A1B5-39BAC7AFCEFE}.Debug|Any CPU.Build.0 = Debug|Any CPU
		{2C25F2DB-4538-4371-A1B5-39BAC7AFCEFE}.Release|Any CPU.ActiveCfg = Release|Any CPU
		{2C25F2DB-4538-4371-A1B5-39BAC7AFCEFE}.Release|Any CPU.Build.0 = Release|Any CPU
		{760BFFFA-9192-4300-B7EA-A165AFF1F4A2}.Debug|Any CPU.ActiveCfg = Debug|Any CPU
		{760BFFFA-9192-4300-B7EA-A165AFF1F4A2}.Debug|Any CPU.Build.0 = Debug|Any CPU
		{760BFFFA-9192-4300-B7EA-A165AFF1F4A2}.Release|Any CPU.ActiveCfg = Release|Any CPU
		{760BFFFA-9192-4300-B7EA-A165AFF1F4A2}.Release|Any CPU.Build.0 = Release|Any CPU
		{91F69CE6-6C5F-4883-A6E6-F59135A1FBB3}.Debug|Any CPU.ActiveCfg = Debug|Any CPU
		{91F69CE6-6C5F-4883-A6E6-F59135A1FBB3}.Debug|Any CPU.Build.0 = Debug|Any CPU
		{91F69CE6-6C5F-4883-A6E6-F59135A1FBB3}.Release|Any CPU.ActiveCfg = Release|Any CPU
		{91F69CE6-6C5F-4883-A6E6-F59135A1FBB3}.Release|Any CPU.Build.0 = Release|Any CPU
	EndGlobalSection
	GlobalSection(SolutionProperties) = preSolution
		HideSolutionNode = FALSE
	EndGlobalSection
EndGlobal
